
Microsoft Visual Studio Solution File, Format Version 12.00
# Visual Studio Version 16
VisualStudioVersion = 16.0.31727.386
MinimumVisualStudioVersion = 10.0.40219.1
Project("{FAE04EC0-301F-11D3-BF4B-00C04F79EFBC}") = "ClientProgram", "ClientProgram\ClientProgram.csproj", "{72AB2569-8A9B-4450-B8DC-043541E5E3DC}"
EndProject
Global
	GlobalSection(SolutionConfigurationPlatforms) = preSolution
		Debug|Any CPU = Debug|Any CPU
		Release|Any CPU = Release|Any CPU
	EndGlobalSection
	GlobalSection(ProjectConfigurationPlatforms) = postSolution
		{72AB2569-8A9B-4450-B8DC-043541E5E3DC}.Debug|Any CPU.ActiveCfg = Debug|Any CPU
		{72AB2569-8A9B-4450-B8DC-043541E5E3DC}.Debug|Any CPU.Build.0 = Debug|Any CPU
		{72AB2569-8A9B-4450-B8DC-043541E5E3DC}.Release|Any CPU.ActiveCfg = Debug|Any CPU
		{72AB2569-8A9B-4450-B8DC-043541E5E3DC}.Release|Any CPU.Build.0 = Debug|Any CPU
	EndGlobalSection
	GlobalSection(SolutionProperties) = preSolution
		HideSolutionNode = FALSE
	EndGlobalSection
	GlobalSection(ExtensibilityGlobals) = postSolution
		SolutionGuid = {FDD28251-61E4-4948-AF36-471761393770}
	EndGlobalSection
EndGlobal
