
Microsoft Visual Studio Solution File, Format Version 12.00
# Visual Studio Version 17
VisualStudioVersion = 17.0.31903.59
MinimumVisualStudioVersion = 10.0.40219.1
Project("{FAE04EC0-301F-11D3-BF4B-00C04F79EFBC}") = "MySqlConn", "MySqlConn\MySqlConn.csproj", "{EF152111-A14B-4EBC-B326-70E6C6F3816B}"
EndProject
Global
	GlobalSection(SolutionConfigurationPlatforms) = preSolution
		Debug|Any CPU = Debug|Any CPU
		Release|Any CPU = Release|Any CPU
	EndGlobalSection
	GlobalSection(ProjectConfigurationPlatforms) = postSolution
		{EF152111-A14B-4EBC-B326-70E6C6F3816B}.Debug|Any CPU.ActiveCfg = Debug|Any CPU
		{EF152111-A14B-4EBC-B326-70E6C6F3816B}.Debug|Any CPU.Build.0 = Debug|Any CPU
		{EF152111-A14B-4EBC-B326-70E6C6F3816B}.Release|Any CPU.ActiveCfg = Release|Any CPU
		{EF152111-A14B-4EBC-B326-70E6C6F3816B}.Release|Any CPU.Build.0 = Release|Any CPU
	EndGlobalSection
	GlobalSection(SolutionProperties) = preSolution
		HideSolutionNode = FALSE
	EndGlobalSection
	GlobalSection(ExtensibilityGlobals) = postSolution
		SolutionGuid = {DC14A66D-9779-4EBA-9C7C-DB66AD2A4557}
	EndGlobalSection
EndGlobal
