
Microsoft Visual Studio Solution File, Format Version 12.00
# Visual Studio Version 16
VisualStudioVersion = 16.0.31727.386
MinimumVisualStudioVersion = 10.0.40219.1
Project("{FAE04EC0-301F-11D3-BF4B-00C04F79EFBC}") = "ConsoleApp1", "ConsoleApp1\ConsoleApp1.csproj", "{790AD2B4-8B9D-4D84-BBC3-6E93F873815C}"
EndProject
Project("{FAE04EC0-301F-11D3-BF4B-00C04F79EFBC}") = "Logger", "Logger\Logger.csproj", "{DB69EE1A-E51B-4235-A819-E127C2AC9236}"
EndProject
Project("{FAE04EC0-301F-11D3-BF4B-00C04F79EFBC}") = "Barista", "Barista\Barista.csproj", "{9B79CF40-E08A-43C2-B45A-0993E0C631B1}"
EndProject
Global
	GlobalSection(SolutionConfigurationPlatforms) = preSolution
		Debug|Any CPU = Debug|Any CPU
		Release|Any CPU = Release|Any CPU
	EndGlobalSection
	GlobalSection(ProjectConfigurationPlatforms) = postSolution
		{790AD2B4-8B9D-4D84-BBC3-6E93F873815C}.Debug|Any CPU.ActiveCfg = Debug|Any CPU
		{790AD2B4-8B9D-4D84-BBC3-6E93F873815C}.Debug|Any CPU.Build.0 = Debug|Any CPU
		{790AD2B4-8B9D-4D84-BBC3-6E93F873815C}.Release|Any CPU.ActiveCfg = Release|Any CPU
		{790AD2B4-8B9D-4D84-BBC3-6E93F873815C}.Release|Any CPU.Build.0 = Release|Any CPU
		{DB69EE1A-E51B-4235-A819-E127C2AC9236}.Debug|Any CPU.ActiveCfg = Debug|Any CPU
		{DB69EE1A-E51B-4235-A819-E127C2AC9236}.Debug|Any CPU.Build.0 = Debug|Any CPU
		{DB69EE1A-E51B-4235-A819-E127C2AC9236}.Release|Any CPU.ActiveCfg = Release|Any CPU
		{DB69EE1A-E51B-4235-A819-E127C2AC9236}.Release|Any CPU.Build.0 = Release|Any CPU
		{9B79CF40-E08A-43C2-B45A-0993E0C631B1}.Debug|Any CPU.ActiveCfg = Debug|Any CPU
		{9B79CF40-E08A-43C2-B45A-0993E0C631B1}.Debug|Any CPU.Build.0 = Debug|Any CPU
		{9B79CF40-E08A-43C2-B45A-0993E0C631B1}.Release|Any CPU.ActiveCfg = Release|Any CPU
		{9B79CF40-E08A-43C2-B45A-0993E0C631B1}.Release|Any CPU.Build.0 = Release|Any CPU
	EndGlobalSection
	GlobalSection(SolutionProperties) = preSolution
		HideSolutionNode = FALSE
	EndGlobalSection
	GlobalSection(ExtensibilityGlobals) = postSolution
		SolutionGuid = {03ABDA5C-1848-48AF-9185-12CF8DDEED70}
	EndGlobalSection
EndGlobal
