
Microsoft Visual Studio Solution File, Format Version 12.00
# Visual Studio 14
VisualStudioVersion = 14.0.25420.1
MinimumVisualStudioVersion = 10.0.40219.1
Project("{FAE04EC0-301F-11D3-BF4B-00C04F79EFBC}") = "Library.Client.Net", "Library.Client.Net\Library.Client.Net.csproj", "{CF28E8BC-C3DA-4D21-BAF8-321D8CEE7B61}"
EndProject
Project("{FAE04EC0-301F-11D3-BF4B-00C04F79EFBC}") = "MainTree2", "MainTree2\MainTree2.csproj", "{C148875A-F770-4799-A171-2F9B86349FFF}"
EndProject
Project("{FAE04EC0-301F-11D3-BF4B-00C04F79EFBC}") = "VMS.Codec.Lib", "VMS.Codec.Lib\VMS.Codec.Lib.csproj", "{F5B49BD6-46CF-4636-9CF8-3A42C87AF3F1}"
EndProject
Global
	GlobalSection(SolutionConfigurationPlatforms) = preSolution
		Debug|Any CPU = Debug|Any CPU
		Release|Any CPU = Release|Any CPU
	EndGlobalSection
	GlobalSection(ProjectConfigurationPlatforms) = postSolution
		{CF28E8BC-C3DA-4D21-BAF8-321D8CEE7B61}.Debug|Any CPU.ActiveCfg = Debug|Any CPU
		{CF28E8BC-C3DA-4D21-BAF8-321D8CEE7B61}.Debug|Any CPU.Build.0 = Debug|Any CPU
		{CF28E8BC-C3DA-4D21-BAF8-321D8CEE7B61}.Release|Any CPU.ActiveCfg = Release|Any CPU
		{CF28E8BC-C3DA-4D21-BAF8-321D8CEE7B61}.Release|Any CPU.Build.0 = Release|Any CPU
		{C148875A-F770-4799-A171-2F9B86349FFF}.Debug|Any CPU.ActiveCfg = Debug|Any CPU
		{C148875A-F770-4799-A171-2F9B86349FFF}.Debug|Any CPU.Build.0 = Debug|Any CPU
		{C148875A-F770-4799-A171-2F9B86349FFF}.Release|Any CPU.ActiveCfg = Release|Any CPU
		{C148875A-F770-4799-A171-2F9B86349FFF}.Release|Any CPU.Build.0 = Release|Any CPU
		{F5B49BD6-46CF-4636-9CF8-3A42C87AF3F1}.Debug|Any CPU.ActiveCfg = Debug|Any CPU
		{F5B49BD6-46CF-4636-9CF8-3A42C87AF3F1}.Debug|Any CPU.Build.0 = Debug|Any CPU
		{F5B49BD6-46CF-4636-9CF8-3A42C87AF3F1}.Release|Any CPU.ActiveCfg = Release|Any CPU
		{F5B49BD6-46CF-4636-9CF8-3A42C87AF3F1}.Release|Any CPU.Build.0 = Release|Any CPU
	EndGlobalSection
	GlobalSection(SolutionProperties) = preSolution
		HideSolutionNode = FALSE
	EndGlobalSection
	GlobalSection(ExtensibilityGlobals) = postSolution
		SolutionGuid = {08D72C3C-752F-47D2-A75B-C35FB55C63C4}
	EndGlobalSection
EndGlobal
