
Microsoft Visual Studio Solution File, Format Version 12.00
# Visual Studio 14
VisualStudioVersion = 14.0.25420.1
MinimumVisualStudioVersion = 10.0.40219.1
Project("{FAE04EC0-301F-11D3-BF4B-00C04F79EFBC}") = "MyCalendar", "MyCalendar\MyCalendar.csproj", "{C49E276C-1802-452D-BD94-F7436281B7E5}"
EndProject
Project("{FAE04EC0-301F-11D3-BF4B-00C04F79EFBC}") = "Library.Mvvm.Bindables", "Library.Mvvm.Bindables\Library.Mvvm.Bindables.csproj", "{0FEED588-BC8B-4AF4-8008-F57A53485B82}"
EndProject
Global
	GlobalSection(SolutionConfigurationPlatforms) = preSolution
		Debug|Any CPU = Debug|Any CPU
		Release|Any CPU = Release|Any CPU
	EndGlobalSection
	GlobalSection(ProjectConfigurationPlatforms) = postSolution
		{C49E276C-1802-452D-BD94-F7436281B7E5}.Debug|Any CPU.ActiveCfg = Debug|Any CPU
		{C49E276C-1802-452D-BD94-F7436281B7E5}.Debug|Any CPU.Build.0 = Debug|Any CPU
		{C49E276C-1802-452D-BD94-F7436281B7E5}.Release|Any CPU.ActiveCfg = Release|Any CPU
		{C49E276C-1802-452D-BD94-F7436281B7E5}.Release|Any CPU.Build.0 = Release|Any CPU
		{0FEED588-BC8B-4AF4-8008-F57A53485B82}.Debug|Any CPU.ActiveCfg = Debug|Any CPU
		{0FEED588-BC8B-4AF4-8008-F57A53485B82}.Debug|Any CPU.Build.0 = Debug|Any CPU
		{0FEED588-BC8B-4AF4-8008-F57A53485B82}.Release|Any CPU.ActiveCfg = Release|Any CPU
		{0FEED588-BC8B-4AF4-8008-F57A53485B82}.Release|Any CPU.Build.0 = Release|Any CPU
	EndGlobalSection
	GlobalSection(SolutionProperties) = preSolution
		HideSolutionNode = FALSE
	EndGlobalSection
	GlobalSection(ExtensibilityGlobals) = postSolution
		SolutionGuid = {B290DE37-9AD5-40BE-BA69-A58305E48ECF}
	EndGlobalSection
EndGlobal
