
Microsoft Visual Studio Solution File, Format Version 12.00
# Visual Studio Version 16
VisualStudioVersion = 16.0.31727.386
MinimumVisualStudioVersion = 10.0.40219.1
Project("{FAE04EC0-301F-11D3-BF4B-00C04F79EFBC}") = "DotPixelEditor", "DotPixelEditor\DotPixelEditor.csproj", "{DF0569D5-13CB-44D4-80B5-78F74CD317F0}"
EndProject
Global
	GlobalSection(SolutionConfigurationPlatforms) = preSolution
		Debug|Any CPU = Debug|Any CPU
		Release|Any CPU = Release|Any CPU
	EndGlobalSection
	GlobalSection(ProjectConfigurationPlatforms) = postSolution
		{DF0569D5-13CB-44D4-80B5-78F74CD317F0}.Debug|Any CPU.ActiveCfg = Debug|Any CPU
		{DF0569D5-13CB-44D4-80B5-78F74CD317F0}.Debug|Any CPU.Build.0 = Debug|Any CPU
		{DF0569D5-13CB-44D4-80B5-78F74CD317F0}.Release|Any CPU.ActiveCfg = Release|Any CPU
		{DF0569D5-13CB-44D4-80B5-78F74CD317F0}.Release|Any CPU.Build.0 = Release|Any CPU
	EndGlobalSection
	GlobalSection(SolutionProperties) = preSolution
		HideSolutionNode = FALSE
	EndGlobalSection
	GlobalSection(ExtensibilityGlobals) = postSolution
		SolutionGuid = {BD0AC155-F39E-40CB-AD78-ADF0330CF221}
	EndGlobalSection
EndGlobal
